version: 2.0
shards:
  bindata:
    git: https://github.com/spider-gazelle/bindata.git
    version: 1.9.0

  cron_parser:
    git: https://github.com/kostya/cron_parser.git
    version: 0.4.0

  future:
    git: https://github.com/crystal-community/future.cr.git
    version: 1.0.0

  ldap:
    git: https://github.com/spider-gazelle/crystal-ldap.git
    version: 0.9.1

  promise:
    git: https://github.com/spider-gazelle/promise.git
    version: 2.2.2

  syslog:
    git: https://github.com/chris-huxtable/syslog.cr.git
    version: 0.1.2

  tasker:
    git: https://github.com/spider-gazelle/tasker.git
    version: 2.0.3

